{
  "name": "gamefactory",
  "version": "0.1.0",
  "lockfileVersion": 3,
  "requires": true,
  "packages": {
    "": {
      "name": "gamefactory",
      "version": "0.1.0",
      "workspaces": [
        "packages/*",
        "extensions/*",
        "presets/*"
      ],
      "devDependencies": {
        "@types/node": "^20.17.0",
        "typescript": "^5.7.0"
      },
      "engines": {
        "node": ">=20"
      }
    },
    "extensions/agent-team": {
      "name": "@gamefactory/extension-agent-team",
      "version": "0.1.0",
      "dependencies": {
        "@gamefactory/core": "0.1.0",
        "@gamefactory/extension-sdk": "0.1.0"
      }
    },
    "extensions/asset-foundry": {
      "name": "@gamefactory/extension-asset-foundry",
      "version": "0.1.0",
      "dependencies": {
        "@gamefactory/asset-sdk": "0.1.0",
        "@gamefactory/core": "0.1.0",
        "@gamefactory/extension-sdk": "0.1.0"
      }
    },
    "extensions/autoresearch": {
      "name": "@gamefactory/extension-autoresearch",
      "version": "0.1.0",
      "dependencies": {
        "@gamefactory/core": "0.1.0",
        "@gamefactory/extension-sdk": "0.1.0",
        "@gamefactory/workflow-sdk": "0.1.0"
      }
    },
    "extensions/command-agent": {
      "name": "@gamefactory/extension-command-agent",
      "version": "0.1.0",
      "dependencies": {
        "@gamefactory/core": "0.1.0",
        "@gamefactory/extension-sdk": "0.1.0"
      }
    },
    "extensions/design-intake": {
      "name": "@gamefactory/extension-design-intake",
      "version": "0.1.0",
      "dependencies": {
        "@gamefactory/core": "0.1.0",
        "@gamefactory/extension-sdk": "0.1.0"
      }
    },
    "extensions/design-lab": {
      "name": "@gamefactory/extension-design-lab",
      "version": "0.1.0",
      "dependencies": {
        "@gamefactory/core": "0.1.0",
        "@gamefactory/design-sdk": "0.1.0",
        "@gamefactory/extension-sdk": "0.1.0"
      }
    },
    "extensions/discovery": {
      "name": "@gamefactory/extension-discovery",
      "version": "0.1.0",
      "dependencies": {
        "@gamefactory/core": "0.1.0",
        "@gamefactory/extension-sdk": "0.1.0",
        "@gamefactory/workflow-sdk": "0.1.0"
      }
    },
    "extensions/git": {
      "name": "@gamefactory/extension-git",
      "version": "0.1.0",
      "dependencies": {
        "@gamefactory/core": "0.1.0",
        "@gamefactory/extension-sdk": "0.1.0"
      }
    },
    "extensions/godot": {
      "name": "@gamefactory/extension-godot",
      "version": "0.1.0",
      "dependencies": {
        "@gamefactory/core": "0.1.0",
        "@gamefactory/extension-sdk": "0.1.0"
      }
    },
    "extensions/mock": {
      "name": "@gamefactory/extension-mock",
      "version": "0.1.0",
      "dependencies": {
        "@gamefactory/core": "0.1.0",
        "@gamefactory/extension-sdk": "0.1.0"
      }
    },
    "extensions/sam3": {
      "version": "0.1.0",
      "dependencies": {
        "@gamefactory/core": "0.1.0",
        "@gamefactory/extension-sdk": "0.1.0"
      }
    },
    "extensions/tournament": {
      "name": "@gamefactory/extension-tournament",
      "version": "0.1.0",
      "dependencies": {
        "@gamefactory/core": "0.1.0",
        "@gamefactory/extension-sdk": "0.1.0",
        "@gamefactory/workflow-sdk": "0.1.0"
      }
    },
    "node_modules/@gamefactory/asset-sdk": {
      "resolved": "packages/asset-sdk",
      "link": true
    },
    "node_modules/@gamefactory/cli": {
      "resolved": "packages/cli",
      "link": true
    },
    "node_modules/@gamefactory/core": {
      "resolved": "packages/core",
      "link": true
    },
    "node_modules/@gamefactory/design-sdk": {
      "resolved": "packages/design-sdk",
      "link": true
    },
    "node_modules/@gamefactory/extension-agent-team": {
      "resolved": "extensions/agent-team",
      "link": true
    },
    "node_modules/@gamefactory/extension-asset-foundry": {
      "resolved": "extensions/asset-foundry",
      "link": true
    },
    "node_modules/@gamefactory/extension-autoresearch": {
      "resolved": "extensions/autoresearch",
      "link": true
    },
    "node_modules/@gamefactory/extension-command-agent": {
      "resolved": "extensions/command-agent",
      "link": true
    },
    "node_modules/@gamefactory/extension-design-intake": {
      "resolved": "extensions/design-intake",
      "link": true
    },
    "node_modules/@gamefactory/extension-design-lab": {
      "resolved": "extensions/design-lab",
      "link": true
    },
    "node_modules/@gamefactory/extension-discovery": {
      "resolved": "extensions/discovery",
      "link": true
    },
    "node_modules/@gamefactory/extension-git": {
      "resolved": "extensions/git",
      "link": true
    },
    "node_modules/@gamefactory/extension-godot": {
      "resolved": "extensions/godot",
      "link": true
    },
    "node_modules/@gamefactory/extension-mock": {
      "resolved": "extensions/mock",
      "link": true
    },
    "node_modules/@gamefactory/extension-sam3": {
      "resolved": "extensions/sam3",
      "link": true
    },
    "node_modules/@gamefactory/extension-sdk": {
      "resolved": "packages/extension-sdk",
      "link": true
    },
    "node_modules/@gamefactory/extension-tournament": {
      "resolved": "extensions/tournament",
      "link": true
    },
    "node_modules/@gamefactory/preset-godot-assets": {
      "resolved": "presets/godot-assets",
      "link": true
    },
    "node_modules/@gamefactory/preset-godot-design": {
      "resolved": "presets/godot-design",
      "link": true
    },
    "node_modules/@gamefactory/preset-godot-image-workbench": {
      "resolved": "presets/godot-image-workbench",
      "link": true
    },
    "node_modules/@gamefactory/preset-godot-minimal": {
      "resolved": "presets/godot-minimal",
      "link": true
    },
    "node_modules/@gamefactory/preset-godot-multi-agent": {
      "resolved": "presets/godot-multi-agent",
      "link": true
    },
    "node_modules/@gamefactory/testing": {
      "resolved": "packages/testing",
      "link": true
    },
    "node_modules/@gamefactory/viewer": {
      "resolved": "packages/viewer",
      "link": true
    },
    "node_modules/@gamefactory/workflow-sdk": {
      "resolved": "packages/workflow-sdk",
      "link": true
    },
    "node_modules/@types/node": {
      "version": "20.19.43",
      "resolved": "https://registry.npmjs.org/@types/node/-/node-20.19.43.tgz",
      "integrity": "sha512-6oYBAi5ikg4Pl+kGsoYtawUMBT2zZMCvPNF7pVLnHZfd1zf38DRiWn/gT01RYCdUqkv7Fhr+C9ot4/tb+2sVvA==",
      "dev": true,
      "dependencies": {
        "undici-types": "~6.21.0"
      }
    },
    "node_modules/typescript": {
      "version": "5.9.3",
      "resolved": "https://registry.npmjs.org/typescript/-/typescript-5.9.3.tgz",
      "integrity": "sha512-jl1vZzPDinLr9eUt3J/t7V6FgNEw9QjvBPdysz9KfQDD41fQrC2Y4vKQdiaUpFT4bXlb1RHhLpp8wtm6M5TgSw==",
      "dev": true,
      "bin": {
        "tsc": "bin/tsc",
        "tsserver": "bin/tsserver"
      },
      "engines": {
        "node": ">=14.17"
      }
    },
    "node_modules/undici-types": {
      "version": "6.21.0",
      "resolved": "https://registry.npmjs.org/undici-types/-/undici-types-6.21.0.tgz",
      "integrity": "sha512-iwDZqg0QAGrg9Rav5H4n0M64c3mkR59cJ6wQp+7C4nI0gsmExaedaYLNO44eT4AtBBwjbTiGPMlt2Md0T9H9JQ==",
      "dev": true
    },
    "packages/asset-sdk": {
      "name": "@gamefactory/asset-sdk",
      "version": "0.1.0"
    },
    "packages/cli": {
      "name": "@gamefactory/cli",
      "version": "0.1.0",
      "dependencies": {
        "@gamefactory/core": "0.1.0",
        "@gamefactory/viewer": "0.1.0"
      },
      "bin": {
        "gamefactory": "dist/index.js"
      }
    },
    "packages/core": {
      "name": "@gamefactory/core",
      "version": "0.1.0"
    },
    "packages/design-sdk": {
      "name": "@gamefactory/design-sdk",
      "version": "0.1.0"
    },
    "packages/extension-sdk": {
      "name": "@gamefactory/extension-sdk",
      "version": "0.1.0",
      "dependencies": {
        "@gamefactory/core": "0.1.0"
      }
    },
    "packages/testing": {
      "name": "@gamefactory/testing",
      "version": "0.1.0",
      "dependencies": {
        "@gamefactory/core": "0.1.0"
      }
    },
    "packages/viewer": {
      "name": "@gamefactory/viewer",
      "version": "0.1.0",
      "dependencies": {
        "@gamefactory/core": "0.1.0"
      }
    },
    "packages/workflow-sdk": {
      "name": "@gamefactory/workflow-sdk",
      "version": "0.1.0",
      "dependencies": {
        "@gamefactory/core": "0.1.0"
      }
    },
    "presets/godot-assets": {
      "name": "@gamefactory/preset-godot-assets",
      "version": "0.1.0"
    },
    "presets/godot-design": {
      "name": "@gamefactory/preset-godot-design",
      "version": "0.1.0"
    },
    "presets/godot-image-workbench": {
      "version": "0.1.0"
    },
    "presets/godot-minimal": {
      "name": "@gamefactory/preset-godot-minimal",
      "version": "0.1.0"
    },
    "presets/godot-multi-agent": {
      "name": "@gamefactory/preset-godot-multi-agent",
      "version": "0.1.0"
    }
  }
}
